// !$*UTF8*$!
{
	archiveVersion = 1;
	classes = {
	};
	objectVersion = 46;
	objects = {

/* Begin PBXBuildFile section */
		4C34F64F1DBFFC7F00E80EF8 /* AppDelegate.swift in Sources */ = {isa = PBXBuildFile; fileRef = 4C34F64E1DBFFC7F00E80EF8 /* AppDelegate.swift */; };
		4C34F6511DBFFC7F00E80EF8 /* ViewController.swift in Sources */ = {isa = PBXBuildFile; fileRef = 4C34F6501DBFFC7F00E80EF8 /* ViewController.swift */; };
		4C34F6541DBFFC7F00E80EF8 /* Main.storyboard in Resources */ = {isa = PBXBuildFile; fileRef = 4C34F6521DBFFC7F00E80EF8 /* Main.storyboard */; };
		4C34F6571DBFFC7F00E80EF8 /* TD1.xcdatamodeld in Sources */ = {isa = PBXBuildFile; fileRef = 4C34F6551DBFFC7F00E80EF8 /* TD1.xcdatamodeld */; };
		4C34F6591DBFFC7F00E80EF8 /* Assets.xcassets in Resources */ = {isa = PBXBuildFile; fileRef = 4C34F6581DBFFC7F00E80EF8 /* Assets.xcassets */; };
		4C34F65C1DBFFC7F00E80EF8 /* LaunchScreen.storyboard in Resources */ = {isa = PBXBuildFile; fileRef = 4C34F65A1DBFFC7F00E80EF8 /* LaunchScreen.storyboard */; };
/* End PBXBuildFile section */

/* Begin PBXFileReference section */
		4C34F64B1DBFFC7F00E80EF8 /* TD1.app */ = {isa = PBXFileReference; explicitFileType = wrapper.application; includeInIndex = 0; path = TD1.app; sourceTree = BUILT_PRODUCTS_DIR; };
		4C34F64E1DBFFC7F00E80EF8 /* AppDelegate.swift */ = {isa = PBXFileReference; lastKnownFileType = sourcecode.swift; path = AppDelegate.swift; sourceTree = "<group>"; };
		4C34F6501DBFFC7F00E80EF8 /* ViewController.swift */ = {isa = PBXFileReference; lastKnownFileType = sourcecode.swift; path = ViewController.swift; sourceTree = "<group>"; };
		4C34F6531DBFFC7F00E80EF8 /* Base */ = {isa = PBXFileReference; lastKnownFileType = file.storyboard; name = Base; path = Base.lproj/Main.storyboard; sourceTree = "<group>"; };
		4C34F6561DBFFC7F00E80EF8 /* TD1.xcdatamodel */ = {isa = PBXFileReference; lastKnownFileType = wrapper.xcdatamodel; path = TD1.xcdatamodel; sourceTree = "<group>"; };
		4C34F6581DBFFC7F00E80EF8 /* Assets.xcassets */ = {isa = PBXFileReference; lastKnownFileType = folder.assetcatalog; path = Assets.xcassets; sourceTree = "<group>"; };
		4C34F65B1DBFFC7F00E80EF8 /* Base */ = {isa = PBXFileReference; lastKnownFileType = file.storyboard; name = Base; path = Base.lproj/LaunchScreen.storyboard; sourceTree = "<group>"; };
		4C34F65D1DBFFC7F00E80EF8 /* Info.plist */ = {isa = PBXFileReference; lastKnownFileType = text.plist.xml; path = Info.plist; sourceTree = "<group>"; };
/* End PBXFileReference section */

/* Begin PBXFrameworksBuildPhase section */
		4C34F6481DBFFC7F00E80EF8 /* Frameworks */ = {
			isa = PBXFrameworksBuildPhase;
			buildActionMask = 2147483647;
			files = (
			);
			runOnlyForDeploymentPostprocessing = 0;
		};
/* End PBXFrameworksBuildPhase section */

/* Begin PBXGroup section */
		4C34F6421DBFFC7F00E80EF8 = {
			isa = PBXGroup;
			children = (
				4C34F64D1DBFFC7F00E80EF8 /* TD1 */,
				4C34F64C1DBFFC7F00E80EF8 /* Products */,
			);
			sourceTree = "<group>";
		};
		4C34F64C1DBFFC7F00E80EF8 /* Products */ = {
			isa = PBXGroup;
			children = (
				4C34F64B1DBFFC7F00E80EF8 /* TD1.app */,
			);
			name = Products;
			sourceTree = "<group>";
		};
		4C34F64D1DBFFC7F00E80EF8 /* TD1 */ = {
			isa = PBXGroup;
			children = (
				4C34F64E1DBFFC7F00E80EF8 /* AppDelegate.swift */,
				4C34F6501DBFFC7F00E80EF8 /* ViewController.swift */,
				4C34F6521DBFFC7F00E80EF8 /* Main.storyboard */,
				4C34F6581DBFFC7F00E80EF8 /* Assets.xcassets */,
				4C34F65A1DBFFC7F00E80EF8 /* LaunchScreen.storyboard */,
				4C34F65D1DBFFC7F00E80EF8 /* Info.plist */,
				4C34F6551DBFFC7F00E80EF8 /* TD1.xcdatamodeld */,
			);
			path = TD1;
			sourceTree = "<group>";
		};
/* End PBXGroup section */

/* Begin PBXNativeTarget section */
		4C34F64A1DBFFC7F00E80EF8 /* TD1 */ = {
			isa = PBXNativeTarget;
			buildConfigurationList = 4C34F6601DBFFC7F00E80EF8 /* Build configuration list for PBXNativeTarget "TD1" */;
			buildPhases = (
				4C34F6471DBFFC7F00E80EF8 /* Sources */,
				4C34F6481DBFFC7F00E80EF8 /* Frameworks */,
				4C34F6491DBFFC7F00E80EF8 /* Resources */,
			);
			buildRules = (
			);
			dependencies = (
			);
			name = TD1;
			productName = TD1;
			productReference = 4C34F64B1DBFFC7F00E80EF8 /* TD1.app */;
			productType = "com.apple.product-type.application";
		};
/* End PBXNativeTarget section */

/* Begin PBXProject section */
		4C34F6431DBFFC7F00E80EF8 /* Project object */ = {
			isa = PBXProject;
			attributes = {
				LastSwiftUpdateCheck = 0800;
				LastUpgradeCheck = 0800;
				ORGANIZATIONNAME = younesta;
				TargetAttributes = {
					4C34F64A1DBFFC7F00E80EF8 = {
						CreatedOnToolsVersion = 8.0;
						DevelopmentTeam = SK25R4T5UQ;
						ProvisioningStyle = Automatic;
					};
				};
			};
			buildConfigurationList = 4C34F6461DBFFC7F00E80EF8 /* Build configuration list for PBXProject "TD1" */;
			compatibilityVersion = "Xcode 3.2";
			developmentRegion = English;
			hasScannedForEncodings = 0;
			knownRegions = (
				en,
				Base,
			);
			mainGroup = 4C34F6421DBFFC7F00E80EF8;
			productRefGroup = 4C34F64C1DBFFC7F00E80EF8 /* Products */;
			projectDirPath = "";
			projectRoot = "";
			targets = (
				4C34F64A1DBFFC7F00E80EF8 /* TD1 */,
			);
		};
/* End PBXProject section */

/* Begin PBXResourcesBuildPhase section */
		4C34F6491DBFFC7F00E80EF8 /* Resources */ = {
			isa = PBXResourcesBuildPhase;
			buildActionMask = 2147483647;
			files = (
				4C34F65C1DBFFC7F00E80EF8 /* LaunchScreen.storyboard in Resources */,
				4C34F6591DBFFC7F00E80EF8 /* Assets.xcassets in Resources */,
				4C34F6541DBFFC7F00E80EF8 /* Main.storyboard in Resources */,
			);
			runOnlyForDeploymentPostprocessing = 0;
		};
/* End PBXResourcesBuildPhase section */

/* Begin PBXSourcesBuildPhase section */
		4C34F6471DBFFC7F00E80EF8 /* Sources */ = {
			isa = PBXSourcesBuildPhase;
			buildActionMask = 2147483647;
			files = (
				4C34F6571DBFFC7F00E80EF8 /* TD1.xcdatamodeld in Sources */,
				4C34F6511DBFFC7F00E80EF8 /* ViewController.swift in Sources */,
				4C34F64F1DBFFC7F00E80EF8 /* AppDelegate.swift in Sources */,
			);
			runOnlyForDeploymentPostprocessing = 0;
		};
/* End PBXSourcesBuildPhase section */

/* Begin PBXVariantGroup section */
		4C34F6521DBFFC7F00E80EF8 /* Main.storyboard */ = {
			isa = PBXVariantGroup;
			children = (
				4C34F6531DBFFC7F00E80EF8 /* Base */,
			);
			name = Main.storyboard;
			sourceTree = "<group>";
		};
		4C34F65A1DBFFC7F00E80EF8 /* LaunchScreen.storyboard */ = {
			isa = PBXVariantGroup;
			children = (
				4C34F65B1DBFFC7F00E80EF8 /* Base */,
			);
			name = LaunchScreen.storyboard;
			sourceTree = "<group>";
		};
/* End PBXVariantGroup section */

/* Begin XCBuildConfiguration section */
		4C34F65E1DBFFC7F00E80EF8 /* Debug */ = {
			isa = XCBuildConfiguration;
			buildSettings = {
				ALWAYS_SEARCH_USER_PATHS = NO;
				CLANG_ANALYZER_NONNULL = YES;
				CLANG_CXX_LANGUAGE_STANDARD = "gnu++0x";
				CLANG_CXX_LIBRARY = "libc++";
				CLANG_ENABLE_MODULES = YES;
				CLANG_ENABLE_OBJC_ARC = YES;
				CLANG_WARN_BOOL_CONVERSION = YES;
				CLANG_WARN_CONSTANT_CONVERSION = YES;
				CLANG_WARN_DIRECT_OBJC_ISA_USAGE = YES_ERROR;
				CLANG_WARN_DOCUMENTATION_COMMENTS = YES;
				CLANG_WARN_EMPTY_BODY = YES;
				CLANG_WARN_ENUM_CONVERSION = YES;
				CLANG_WARN_INFINITE_RECURSION = YES;
				CLANG_WARN_INT_CONVERSION = YES;
				CLANG_WARN_OBJC_ROOT_CLASS = YES_ERROR;
				CLANG_WARN_SUSPICIOUS_MOVES = YES;
				CLANG_WARN_UNREACHABLE_CODE = YES;
				CLANG_WARN__DUPLICATE_METHOD_MATCH = YES;
				"CODE_SIGN_IDENTITY[sdk=iphoneos*]" = "iPhone Developer";
				COPY_PHASE_STRIP = NO;
				DEBUG_INFORMATION_FORMAT = dwarf;
				ENABLE_STRICT_OBJC_MSGSEND = YES;
				ENABLE_TESTABILITY = YES;
				GCC_C_LANGUAGE_STANDARD = gnu99;
				GCC_DYNAMIC_NO_PIC = NO;
				GCC_NO_COMMON_BLOCKS = YES;
				GCC_OPTIMIZATION_LEVEL = 0;
				GCC_PREPROCESSOR_DEFINITIONS = (
					"DEBUG=1",
					"$(inherited)",
				);
				GCC_WARN_64_TO_32_BIT_CONVERSION = YES;
				GCC_WARN_ABOUT_RETURN_TYPE = YES_ERROR;
				GCC_WARN_UNDECLARED_SELECTOR = YES;
				GCC_WARN_UNINITIALIZED_AUTOS = YES_AGGRESSIVE;
				GCC_WARN_UNUSED_FUNCTION = YES;
				GCC_WARN_UNUSED_VARIABLE = YES;
				IPHONEOS_DEPLOYMENT_TARGET = 10.0;
				MTL_ENABLE_DEBUG_INFO = YES;
				ONLY_ACTIVE_ARCH = YES;
				SDKROOT = iphoneos;
				SWIFT_ACTIVE_COMPILATION_CONDITIONS = DEBUG;
				SWIFT_OPTIMIZATION_LEVEL = "-Onone";
				TARGETED_DEVICE_FAMILY = "1,2";
			};
			name = Debug;
		};
		4C34F65F1DBFFC7F00E80EF8 /* Release */ = {
			isa = XCBuildConfiguration;
			buildSettings = {
				ALWAYS_SEARCH_USER_PATHS = NO;
				CLANG_ANALYZER_NONNULL = YES;
				CLANG_CXX_LANGUAGE_STANDARD = "gnu++0x";
				CLANG_CXX_LIBRARY = "libc++";
				CLANG_ENABLE_MODULES = YES;
				CLANG_ENABLE_OBJC_ARC = YES;
				CLANG_WARN_BOOL_CONVERSION = YES;
				CLANG_WARN_CONSTANT_CONVERSION = YES;
				CLANG_WARN_DIRECT_OBJC_ISA_USAGE = YES_ERROR;
				CLANG_WARN_DOCUMENTATION_COMMENTS = YES;
				CLANG_WARN_EMPTY_BODY = YES;
				CLANG_WARN_ENUM_CONVERSION = YES;
				CLANG_WARN_INFINITE_RECURSION = YES;
				CLANG_WARN_INT_CONVERSION = YES;
				CLANG_WARN_OBJC_ROOT_CLASS = YES_ERROR;
				CLANG_WARN_SUSPICIOUS_MOVES = YES;
				CLANG_WARN_UNREACHABLE_CODE = YES;
				CLANG_WARN__DUPLICATE_METHOD_MATCH = YES;
				"CODE_SIGN_IDENTITY[sdk=iphoneos*]" = "iPhone Developer";
				COPY_PHASE_STRIP = NO;
				DEBUG_INFORMATION_FORMAT = "dwarf-with-dsym";
				ENABLE_NS_ASSERTIONS = NO;
				ENABLE_STRICT_OBJC_MSGSEND = YES;
				GCC_C_LANGUAGE_STANDARD = gnu99;
				GCC_NO_COMMON_BLOCKS = YES;
				GCC_WARN_64_TO_32_BIT_CONVERSION = YES;
				GCC_WARN_ABOUT_RETURN_TYPE = YES_ERROR;
				GCC_WARN_UNDECLARED_SELECTOR = YES;
				GCC_WARN_UNINITIALIZED_AUTOS = YES_AGGRESSIVE;
				GCC_WARN_UNUSED_FUNCTION = YES;
				GCC_WARN_UNUSED_VARIABLE = YES;
				IPHONEOS_DEPLOYMENT_TARGET = 10.0;
				MTL_ENABLE_DEBUG_INFO = NO;
				SDKROOT = iphoneos;
				SWIFT_OPTIMIZATION_LEVEL = "-Owholemodule";
				TARGETED_DEVICE_FAMILY = "1,2";
				VALIDATE_PRODUCT = YES;
			};
			name = Release;
		};
		4C34F6611DBFFC7F00E80EF8 /* Debug */ = {
			isa = XCBuildConfiguration;
			buildSettings = {
				ASSETCATALOG_COMPILER_APPICON_NAME = AppIcon;
				DEVELOPMENT_TEAM = SK25R4T5UQ;
				INFOPLIST_FILE = TD1/Info.plist;
				LD_RUNPATH_SEARCH_PATHS = "$(inherited) @executable_path/Frameworks";
				PRODUCT_BUNDLE_IDENTIFIER = fr.younesta.TD1;
				PRODUCT_NAME = "$(TARGET_NAME)";
				SWIFT_VERSION = 3.0;
			};
			name = Debug;
		};
		4C34F6621DBFFC7F00E80EF8 /* Release */ = {
			isa = XCBuildConfiguration;
			buildSettings = {
				ASSETCATALOG_COMPILER_APPICON_NAME = AppIcon;
				DEVELOPMENT_TEAM = SK25R4T5UQ;
				INFOPLIST_FILE = TD1/Info.plist;
				LD_RUNPATH_SEARCH_PATHS = "$(inherited) @executable_path/Frameworks";
				PRODUCT_BUNDLE_IDENTIFIER = fr.younesta.TD1;
				PRODUCT_NAME = "$(TARGET_NAME)";
				SWIFT_VERSION = 3.0;
			};
			name = Release;
		};
/* End XCBuildConfiguration section */

/* Begin XCConfigurationList section */
		4C34F6461DBFFC7F00E80EF8 /* Build configuration list for PBXProject "TD1" */ = {
			isa = XCConfigurationList;
			buildConfigurations = (
				4C34F65E1DBFFC7F00E80EF8 /* Debug */,
				4C34F65F1DBFFC7F00E80EF8 /* Release */,
			);
			defaultConfigurationIsVisible = 0;
			defaultConfigurationName = Release;
		};
		4C34F6601DBFFC7F00E80EF8 /* Build configuration list for PBXNativeTarget "TD1" */ = {
			isa = XCConfigurationList;
			buildConfigurations = (
				4C34F6611DBFFC7F00E80EF8 /* Debug */,
				4C34F6621DBFFC7F00E80EF8 /* Release */,
			);
			defaultConfigurationIsVisible = 0;
		};
/* End XCConfigurationList section */

/* Begin XCVersionGroup section */
		4C34F6551DBFFC7F00E80EF8 /* TD1.xcdatamodeld */ = {
			isa = XCVersionGroup;
			children = (
				4C34F6561DBFFC7F00E80EF8 /* TD1.xcdatamodel */,
			);
			currentVersion = 4C34F6561DBFFC7F00E80EF8 /* TD1.xcdatamodel */;
			path = TD1.xcdatamodeld;
			sourceTree = "<group>";
			versionGroupType = wrapper.xcdatamodel;
		};
/* End XCVersionGroup section */
	};
	rootObject = 4C34F6431DBFFC7F00E80EF8 /* Project object */;
}
